lockfileVersion: 5.4

specifiers:
  '@types/node': ^17.0.32
  typescript: ^4.5.4

devDependencies:
  '@types/node': 17.0.32
  typescript: 4.6.3

packages:

  /@types/node/17.0.32:
    resolution: {integrity: sha512-eAIcfAvhf/BkHcf4pkLJ7ECpBAhh9kcxRBpip9cTiO+hf+aJrsxYxBeS6OXvOd9WqNAJmavXVpZvY1rBjNsXmw==}
    dev: true

  /typescript/4.6.3:
    resolution: {integrity: sha512-yNIatDa5iaofVozS/uQJEl3JRWLKKGJKh6Yaiv0GLGSuhpFJe7P3SbHZ8/yjAHRQwKRoA6YZqlfjXWmVzoVSMw==}
    engines: {node: '>=4.2.0'}
    hasBin: true
    dev: true
